<?xml version="1.0" encoding="UTF-8" standalone="yes" ?>
<CodeBlocks_project_file>
	<FileVersion major="1" minor="6" />
	<Project>
		<Option title="GeneticOpenCL" />
		<Option pch_mode="2" />
		<Option compiler="opencl_openmp" />
		<Build>
			<Target title="Debug">
				<Option output="bin/Debug/GeneticOpenCL" prefix_auto="1" extension_auto="1" />
				<Option object_output="obj/Debug/" />
				<Option type="1" />
				<Option compiler="opencl_openmp" />
				<Option parameters="&gt; resultados.txt" />
				<Option projectCompilerOptionsRelation="-1" />
				<Option projectLinkerOptionsRelation="-1" />
				<Option projectIncludeDirsRelation="-1" />
				<Option projectLibDirsRelation="-1" />
				<Compiler>
					<Add option="-Wmissing-prototypes" />
					<Add option="-Wmissing-declarations" />
				</Compiler>
				<MakeCommands>
					<Build command="" />
					<CompileFile command="" />
					<Clean command="" />
					<DistClean command="" />
					<AskRebuildNeeded command="" />
					<SilentBuild command=" &gt; $(CMD_NULL)" />
				</MakeCommands>
			</Target>
			<Target title="Release">
				<Option output="bin/Release/GeneticOpenCL" prefix_auto="1" extension_auto="1" />
				<Option object_output="obj/Release/" />
				<Option type="1" />
				<Option compiler="opencl_openmp" />
				<Compiler>
					<Add option="-O2" />
				</Compiler>
				<Linker>
					<Add option="-s" />
				</Linker>
			</Target>
		</Build>
		<Compiler>
			<Add option="-Wall" />
			<Add option="-fexceptions" />
		</Compiler>
		<Unit filename="arvore.c">
			<Option compilerVar="CC" />
		</Unit>
		<Unit filename="arvore.h" />
		<Unit filename="bitwise.c">
			<Option compilerVar="CC" />
		</Unit>
		<Unit filename="bitwise.h" />
		<Unit filename="constantes.h" />
		<Unit filename="genetica.c">
			<Option compilerVar="CC" />
		</Unit>
		<Unit filename="genetica.h" />
		<Unit filename="main.cpp" />
		<Unit filename="pilha.c">
			<Option compilerVar="CC" />
		</Unit>
		<Unit filename="pilha.h" />
		<Unit filename="utilitarios.c">
			<Option compilerVar="CC" />
		</Unit>
		<Unit filename="utilitarios.h" />
		<Extensions>
			<code_completion />
			<envvars />
			<debugger />
			<lib_finder disable_auto="1" />
		</Extensions>
	</Project>
</CodeBlocks_project_file>
